
Microsoft Visual Studio Solution File, Format Version 12.00
# Visual Studio 15
VisualStudioVersion = 15.0.28307.271
MinimumVisualStudioVersion = 10.0.40219.1
Project("{FAE04EC0-301F-11D3-BF4B-00C04F79EFBC}") = "CSVC_3Layers", "CSVC_3Layers\CSVC_3Layers.csproj", "{633DE018-FAF8-4745-9DCD-7B964FB930EF}"
EndProject
Global
	GlobalSection(SolutionConfigurationPlatforms) = preSolution
		Debug|Any CPU = Debug|Any CPU
		Release|Any CPU = Release|Any CPU
	EndGlobalSection
	GlobalSection(ProjectConfigurationPlatforms) = postSolution
		{633DE018-FAF8-4745-9DCD-7B964FB930EF}.Debug|Any CPU.ActiveCfg = Debug|Any CPU
		{633DE018-FAF8-4745-9DCD-7B964FB930EF}.Debug|Any CPU.Build.0 = Debug|Any CPU
		{633DE018-FAF8-4745-9DCD-7B964FB930EF}.Release|Any CPU.ActiveCfg = Release|Any CPU
		{633DE018-FAF8-4745-9DCD-7B964FB930EF}.Release|Any CPU.Build.0 = Release|Any CPU
	EndGlobalSection
	GlobalSection(SolutionProperties) = preSolution
		HideSolutionNode = FALSE
	EndGlobalSection
	GlobalSection(ExtensibilityGlobals) = postSolution
		SolutionGuid = {A3A97F16-912B-4F0D-918E-29CF7CCE220D}
	EndGlobalSection
EndGlobal
